<?xml version="1.0" encoding="UTF-8"?>
<Scheme
   LastUpgradeVersion = "1500"
   version = "1.7">
   <BuildAction
      parallelizeBuildables = "YES"
      buildImplicitDependencies = "YES">
      <BuildActionEntries>
         <BuildActionEntry
            buildForTesting = "YES"
            buildForRunning = "YES"
            buildForProfiling = "YES"
            buildForArchiving = "YES"
            buildForAnalyzing = "YES">
            <BuildableReference
               BuildableIdentifier = "primary"
               BlueprintIdentifier = "154B88F0276A1EEB00780E93"
               BuildableName = "FRW-dev.app"
               BlueprintName = "FRW-dev"
               ReferencedContainer = "container:FRW.xcodeproj">
            </BuildableReference>
         </BuildActionEntry>
      </BuildActionEntries>
   </BuildAction>
   <TestAction
      buildConfiguration = "Debug"
      selectedDebuggerIdentifier = "Xcode.DebuggerFoundation.Debugger.LLDB"
      selectedLauncherIdentifier = "Xcode.DebuggerFoundation.Launcher.LLDB"
      shouldUseLaunchSchemeArgsEnv = "YES"
      shouldAutocreateTestPlan = "YES">
   </TestAction>
   <LaunchAction
      buildConfiguration = "Debug"
      selectedDebuggerIdentifier = "Xcode.DebuggerFoundation.Debugger.LLDB"
      selectedLauncherIdentifier = "Xcode.DebuggerFoundation.Launcher.LLDB"
      launchStyle = "0"
      useCustomWorkingDirectory = "NO"
      ignoresPersistentStateOnLaunch = "NO"
      debugDocumentVersioning = "YES"
      debugServiceExtension = "internal"
      allowLocationSimulation = "YES">
      <BuildableProductRunnable
         runnableDebuggingMode = "0">
         <BuildableReference
            BuildableIdentifier = "primary"
            BlueprintIdentifier = "154B88F0276A1EEB00780E93"
            BuildableName = "FRW-dev.app"
            BlueprintName = "FRW-dev"
            ReferencedContainer = "container:FRW.xcodeproj">
         </BuildableReference>
      </BuildableProductRunnable>
   </LaunchAction>
   <ProfileAction
      buildConfiguration = "Release"
      shouldUseLaunchSchemeArgsEnv = "YES"
      savedToolIdentifier = ""
      useCustomWorkingDirectory = "NO"
      debugDocumentVersioning = "YES">
      <BuildableProductRunnable
         runnableDebuggingMode = "0">
         <BuildableReference
            BuildableIdentifier = "primary"
            BlueprintIdentifier = "154B88F0276A1EEB00780E93"
            BuildableName = "FRW-dev.app"
            BlueprintName = "FRW-dev"
            ReferencedContainer = "container:FRW.xcodeproj">
         </BuildableReference>
      </BuildableProductRunnable>
   </ProfileAction>
   <AnalyzeAction
      buildConfiguration = "Debug">
   </AnalyzeAction>
   <ArchiveAction
      buildConfiguration = "Release"
      revealArchiveInOrganizer = "YES">
      <PostActions>
         <ExecutionAction
            ActionType = "Xcode.IDEStandardExecutionActionsCore.ExecutionActionType.ShellScriptAction">
            <ActionContent
               title = "Run Script"
               scriptText = "#- -- SCRIPT BEGIN - --&#10;# SKIP_SIMULATOR_BUILDS=1&#10;  SCRIPT_SRC=$(find &quot;$BUILD_DIR&quot; -name &apos;Instabug_dsym_upload.sh&apos; | head -1)&#10;  echo &quot;Instabug begin&quot;&#10;  if [ ! &quot;${SCRIPT_SRC}&quot; ]; then&#10;    echo &quot;Instabug: err: script not found. Make sure that you&apos;re including InstabugResources.bundle in your project directory&quot;&#10;    exit 1&#10;  fi&#10;  source &quot;${SCRIPT_SRC}&quot;&#10;  echo &quot;Instabug end&quot;&#10;#- -- SCRIPT END - --&#10;">
               <EnvironmentBuildable>
                  <BuildableReference
                     BuildableIdentifier = "primary"
                     BlueprintIdentifier = "154B88F0276A1EEB00780E93"
                     BuildableName = "FRW-dev.app"
                     BlueprintName = "FRW-dev"
                     ReferencedContainer = "container:FRW.xcodeproj">
                  </BuildableReference>
               </EnvironmentBuildable>
            </ActionContent>
         </ExecutionAction>
      </PostActions>
   </ArchiveAction>
</Scheme>
