{
  "pins" : [
    {
      "identity" : "abseil-cpp-swiftpm",
      "kind" : "remoteSourceControl",
      "location" : "https://github.com/firebase/abseil-cpp-SwiftPM.git",
      "state" : {
        "revision" : "d302de612e3d57c6f4afaf087da18fba8eac72a7",
        "version" : "0.20220203.1"
      }
    },
    {
      "identity" : "alamofire",
      "kind" : "remoteSourceControl",
      "location" : "https://github.com/Alamofire/Alamofire.git",
      "state" : {
        "revision" : "354dda32d89fc8cd4f5c46487f64957d355f53d8",
        "version" : "5.6.1"
      }
    },
    {
      "identity" : "appauth-ios",
      "kind" : "remoteSourceControl",
      "location" : "https://github.com/openid/AppAuth-iOS.git",
      "state" : {
        "revision" : "3d36a58a2b736f7bc499453e996a704929b25080",
        "version" : "1.6.0"
      }
    },
    {
      "identity" : "atlantis",
      "kind" : "remoteSourceControl",
      "location" : "https://github.com/ProxymanApp/atlantis",
      "state" : {
        "revision" : "2b26bf7fe2c5751335dca015b9e77514210d28d4",
        "version" : "1.18.2"
      }
    },
    {
      "identity" : "bigint",
      "kind" : "remoteSourceControl",
      "location" : "https://github.com/attaswift/BigInt.git",
      "state" : {
        "revision" : "0ed110f7555c34ff468e72e1686e59721f2b0da6",
        "version" : "5.3.0"
      }
    },
    {
      "identity" : "biometricauthentication",
      "kind" : "remoteSourceControl",
      "location" : "https://github.com/rushisangani/BiometricAuthentication",
      "state" : {
        "revision" : "08ea3004ee26d7d56668b500aff902c6a2fd14b2",
        "version" : "3.1.3"
      }
    },
    {
      "identity" : "boringssl-swiftpm",
      "kind" : "remoteSourceControl",
      "location" : "https://github.com/firebase/boringssl-SwiftPM.git",
      "state" : {
        "revision" : "dd3eda2b05a3f459fc3073695ad1b28659066eab",
        "version" : "0.9.1"
      }
    },
    {
      "identity" : "collectionviewpaginglayout",
      "kind" : "remoteSourceControl",
      "location" : "https://github.com/amirdew/CollectionViewPagingLayout",
      "state" : {
        "revision" : "4bdec327535470c8d9765d190625b13e99b87db5",
        "version" : "1.1.0"
      }
    },
    {
      "identity" : "colorkit",
      "kind" : "remoteSourceControl",
      "location" : "https://github.com/Boris-Em/ColorKit",
      "state" : {
        "revision" : "d9c3a546c40f31b5f2c624603fa03f56904e2dc2",
        "version" : "1.0.0"
      }
    },
    {
      "identity" : "fancyscrollview",
      "kind" : "remoteSourceControl",
      "location" : "https://github.com/nerdsupremacist/FancyScrollView",
      "state" : {
        "revision" : "7f8194b23dc209cdb5b0ebc9799a8de487166fdf",
        "version" : "0.1.4"
      }
    },
    {
      "identity" : "firebase-ios-sdk",
      "kind" : "remoteSourceControl",
      "location" : "https://github.com/firebase/firebase-ios-sdk",
      "state" : {
        "revision" : "c24031ad9410c746c49deddc739fdf311a386fc7",
        "version" : "10.2.0"
      }
    },
    {
      "identity" : "flow-swift",
      "kind" : "remoteSourceControl",
      "location" : "https://github.com/outblock/flow-swift",
      "state" : {
        "revision" : "74c0b14f57e7524a55633c6e5f609c86ed151393"
      }
    },
    {
      "identity" : "fmdb",
      "kind" : "remoteSourceControl",
      "location" : "https://github.com/ccgus/fmdb",
      "state" : {
        "revision" : "61e51fde7f7aab6554f30ab061cc588b28a97d04",
        "version" : "2.7.7"
      }
    },
    {
      "identity" : "google-api-objectivec-client-for-rest",
      "kind" : "remoteSourceControl",
      "location" : "https://github.com/google/google-api-objectivec-client-for-rest",
      "state" : {
        "revision" : "e6c87ff8f67e36375eefdcae79521e2942a8dd1f",
        "version" : "2.0.0"
      }
    },
    {
      "identity" : "googleappmeasurement",
      "kind" : "remoteSourceControl",
      "location" : "https://github.com/google/GoogleAppMeasurement.git",
      "state" : {
        "revision" : "71eb6700dd53a851473c48d392f00a3ab26699a6",
        "version" : "10.1.0"
      }
    },
    {
      "identity" : "googledatatransport",
      "kind" : "remoteSourceControl",
      "location" : "https://github.com/google/GoogleDataTransport.git",
      "state" : {
        "revision" : "5056b15c5acbb90cd214fe4d6138bdf5a740e5a8",
        "version" : "9.2.0"
      }
    },
    {
      "identity" : "googlesignin-ios",
      "kind" : "remoteSourceControl",
      "location" : "https://github.com/google/GoogleSignIn-iOS",
      "state" : {
        "revision" : "9c9b36af86a4dd3da16048a36cf37351e63ccfe1",
        "version" : "6.2.4"
      }
    },
    {
      "identity" : "googleutilities",
      "kind" : "remoteSourceControl",
      "location" : "https://github.com/google/GoogleUtilities.git",
      "state" : {
        "revision" : "6db6edb48bdd9943426562c7f042a5492de5ba3d",
        "version" : "7.10.0"
      }
    },
    {
      "identity" : "grpc-ios",
      "kind" : "remoteSourceControl",
      "location" : "https://github.com/grpc/grpc-ios.git",
      "state" : {
        "revision" : "2af4f6e9c2b18beae228f50b1198c641be859d2b",
        "version" : "1.44.2-grpc"
      }
    },
    {
      "identity" : "gtm-session-fetcher",
      "kind" : "remoteSourceControl",
      "location" : "https://github.com/google/gtm-session-fetcher",
      "state" : {
        "revision" : "5ccda3981422a84186387dbb763ba739178b529c",
        "version" : "2.3.0"
      }
    },
    {
      "identity" : "gtmappauth",
      "kind" : "remoteSourceControl",
      "location" : "https://github.com/google/GTMAppAuth.git",
      "state" : {
        "revision" : "6dee0cde8a1b223737a5159e55e6b4ec16bbbdd9",
        "version" : "1.3.1"
      }
    },
    {
      "identity" : "gzipswift",
      "kind" : "remoteSourceControl",
      "location" : "https://github.com/1024jp/GzipSwift",
      "state" : {
        "revision" : "7a7f17761c76a932662ab77028a4329f67d645a4",
        "version" : "5.2.0"
      }
    },
    {
      "identity" : "hanekeswift",
      "kind" : "remoteSourceControl",
      "location" : "https://github.com/Haneke/HanekeSwift",
      "state" : {
        "branch" : "master",
        "revision" : "a2e8e5b9a91eef90138a4f43c9a0044c4e90a6ef"
      }
    },
    {
      "identity" : "hero",
      "kind" : "remoteSourceControl",
      "location" : "https://github.com/HeroTransitions/Hero",
      "state" : {
        "revision" : "66a554b21116fccf61b3aa2205a86f6b0cdc9766",
        "version" : "1.6.2"
      }
    },
    {
      "identity" : "highlightr",
      "kind" : "remoteSourceControl",
      "location" : "https://github.com/raspu/Highlightr",
      "state" : {
        "branch" : "master",
        "revision" : "048188df13e145657554a53a24882df5461fc96a"
      }
    },
    {
      "identity" : "irregulargradient",
      "kind" : "remoteSourceControl",
      "location" : "https://github.com/joogps/IrregularGradient",
      "state" : {
        "branch" : "main",
        "revision" : "b6f4dfdea82782ae4c890adbec78957709edd30a"
      }
    },
    {
      "identity" : "jxsegmentedview",
      "kind" : "remoteSourceControl",
      "location" : "https://github.com/pujiaxin33/JXSegmentedView",
      "state" : {
        "revision" : "b7e784f21257d0947cdd4d79951d8fc749ea0602",
        "version" : "1.3.0"
      }
    },
    {
      "identity" : "keychainaccess",
      "kind" : "remoteSourceControl",
      "location" : "https://github.com/kishikawakatsumi/KeychainAccess",
      "state" : {
        "revision" : "84e546727d66f1adc5439debad16270d0fdd04e7",
        "version" : "4.2.2"
      }
    },
    {
      "identity" : "kingfisher",
      "kind" : "remoteSourceControl",
      "location" : "https://github.com/onevcat/Kingfisher",
      "state" : {
        "revision" : "af4be924ad984cf4d16f4ae4df424e79a443d435",
        "version" : "7.6.2"
      }
    },
    {
      "identity" : "leveldb",
      "kind" : "remoteSourceControl",
      "location" : "https://github.com/firebase/leveldb.git",
      "state" : {
        "revision" : "0706abcc6b0bd9cedfbb015ba840e4a780b5159b",
        "version" : "1.22.2"
      }
    },
    {
      "identity" : "lottie-ios",
      "kind" : "remoteSourceControl",
      "location" : "https://github.com/airbnb/lottie-ios",
      "state" : {
        "revision" : "314537ec697719fa33a9d48210f4d06a463286d3",
        "version" : "3.4.3"
      }
    },
    {
      "identity" : "mjrefresh",
      "kind" : "remoteSourceControl",
      "location" : "https://github.com/CoderMJLee/MJRefresh",
      "state" : {
        "revision" : "f9db27ea41c7e3f5002be57bbf8fd5bf30f7346e",
        "version" : "3.7.5"
      }
    },
    {
      "identity" : "moya",
      "kind" : "remoteSourceControl",
      "location" : "https://github.com/Moya/Moya",
      "state" : {
        "revision" : "9b906860e3c3c09032879465c471e6375829593f",
        "version" : "15.0.0"
      }
    },
    {
      "identity" : "nanopb",
      "kind" : "remoteSourceControl",
      "location" : "https://github.com/firebase/nanopb.git",
      "state" : {
        "revision" : "819d0a2173aff699fb8c364b6fb906f7cdb1a692",
        "version" : "2.30909.0"
      }
    },
    {
      "identity" : "nativeuikit",
      "kind" : "remoteSourceControl",
      "location" : "https://github.com/ivanvorobei/NativeUIKit",
      "state" : {
        "revision" : "bcb42acd73c4044c7e7099bd22a8decf79e74e11",
        "version" : "1.4.7"
      }
    },
    {
      "identity" : "promises",
      "kind" : "remoteSourceControl",
      "location" : "https://github.com/google/promises.git",
      "state" : {
        "revision" : "3e4e743631e86c8c70dbc6efdc7beaa6e90fd3bb",
        "version" : "2.1.1"
      }
    },
    {
      "identity" : "qrcode",
      "kind" : "remoteSourceControl",
      "location" : "https://github.com/dagronf/QRCode",
      "state" : {
        "revision" : "e62b624b15722f294653d66448508531bd5ba161",
        "version" : "5.1.0"
      }
    },
    {
      "identity" : "reactiveswift",
      "kind" : "remoteSourceControl",
      "location" : "https://github.com/ReactiveCocoa/ReactiveSwift.git",
      "state" : {
        "revision" : "c43bae3dac73fdd3cb906bd5a1914686ca71ed3c",
        "version" : "6.7.0"
      }
    },
    {
      "identity" : "resolver",
      "kind" : "remoteSourceControl",
      "location" : "https://github.com/hmlongco/Resolver",
      "state" : {
        "revision" : "97de0b0320036607564af4a60025b48f8d041221",
        "version" : "1.5.0"
      }
    },
    {
      "identity" : "rive-ios",
      "kind" : "remoteSourceControl",
      "location" : "https://github.com/rive-app/rive-ios.git",
      "state" : {
        "revision" : "c9c3cedfe5b92712737fb7c7f1fa9b6b2b8ade56",
        "version" : "3.0.2"
      }
    },
    {
      "identity" : "rxswift",
      "kind" : "remoteSourceControl",
      "location" : "https://github.com/ReactiveX/RxSwift.git",
      "state" : {
        "revision" : "b4307ba0b6425c0ba4178e138799946c3da594f8",
        "version" : "6.5.0"
      }
    },
    {
      "identity" : "skeletonui",
      "kind" : "remoteSourceControl",
      "location" : "https://github.com/CSolanaM/SkeletonUI.git",
      "state" : {
        "revision" : "132f12a34b7fdab275bfc61968749b1f11c36300",
        "version" : "1.0.7"
      }
    },
    {
      "identity" : "snapkit",
      "kind" : "remoteSourceControl",
      "location" : "https://github.com/SnapKit/SnapKit",
      "state" : {
        "revision" : "f222cbdf325885926566172f6f5f06af95473158",
        "version" : "5.6.0"
      }
    },
    {
      "identity" : "sparrowkit",
      "kind" : "remoteSourceControl",
      "location" : "https://github.com/ivanvorobei/SparrowKit",
      "state" : {
        "revision" : "74690b7fcb54f060008878dfb1769eaac225d60b",
        "version" : "3.6.1"
      }
    },
    {
      "identity" : "spconfetti",
      "kind" : "remoteSourceControl",
      "location" : "https://github.com/ivanvorobei/SPConfetti",
      "state" : {
        "revision" : "257a8674c62212a3919abd1f9cb31dc2fc7b0992",
        "version" : "1.4.1"
      }
    },
    {
      "identity" : "spdiffable",
      "kind" : "remoteSourceControl",
      "location" : "https://github.com/ivanvorobei/SPDiffable",
      "state" : {
        "revision" : "fd80c65d5b63f3c8825f11a06da1f1e91bdf4036",
        "version" : "4.2.0"
      }
    },
    {
      "identity" : "spindicator",
      "kind" : "remoteSourceControl",
      "location" : "https://github.com/ivanvorobei/SPIndicator",
      "state" : {
        "revision" : "f9676f1d56239b1836587794923cb89cec8ae18a"
      }
    },
    {
      "identity" : "sppagecontroller",
      "kind" : "remoteSourceControl",
      "location" : "https://github.com/ivanvorobei/SPPageController",
      "state" : {
        "revision" : "6bf5378947f5ef123d6b65a391c63de97b1ccf77",
        "version" : "1.3.3"
      }
    },
    {
      "identity" : "spperspective",
      "kind" : "remoteSourceControl",
      "location" : "https://github.com/ivanvorobei/SPPerspective",
      "state" : {
        "revision" : "0813262760c7388fc821e5068ad31005ac397b9f",
        "version" : "1.4.1"
      }
    },
    {
      "identity" : "starscream",
      "kind" : "remoteSourceControl",
      "location" : "https://github.com/daltoniam/Starscream",
      "state" : {
        "revision" : "e6b65c6d9077ea48b4a7bdda8994a1d3c6969c8d",
        "version" : "3.1.1"
      }
    },
    {
      "identity" : "swift-nio-zlib-support",
      "kind" : "remoteSourceControl",
      "location" : "https://github.com/apple/swift-nio-zlib-support.git",
      "state" : {
        "revision" : "37760e9a52030bb9011972c5213c3350fa9d41fd",
        "version" : "1.0.0"
      }
    },
    {
      "identity" : "swift-protobuf",
      "kind" : "remoteSourceControl",
      "location" : "https://github.com/apple/swift-protobuf.git",
      "state" : {
        "revision" : "e1499bc69b9040b29184f7f2996f7bab467c1639",
        "version" : "1.19.0"
      }
    },
    {
      "identity" : "swift-qrcode-generator",
      "kind" : "remoteSourceControl",
      "location" : "https://github.com/dagronf/swift-qrcode-generator",
      "state" : {
        "revision" : "5ca09b6a2ad190f94aa3d6ddef45b187f8c0343b",
        "version" : "1.0.3"
      }
    },
    {
      "identity" : "swift-snapshot-testing",
      "kind" : "remoteSourceControl",
      "location" : "https://github.com/pointfreeco/swift-snapshot-testing",
      "state" : {
        "revision" : "f8a9c997c3c1dab4e216a8ec9014e23144cbab37",
        "version" : "1.9.0"
      }
    },
    {
      "identity" : "swiftui-introspect",
      "kind" : "remoteSourceControl",
      "location" : "https://github.com/siteline/SwiftUI-Introspect",
      "state" : {
        "revision" : "f2616860a41f9d9932da412a8978fec79c06fe24",
        "version" : "0.1.4"
      }
    },
    {
      "identity" : "swiftuicharts",
      "kind" : "remoteSourceControl",
      "location" : "https://github.com/willdale/SwiftUICharts",
      "state" : {
        "revision" : "9a71bffb72c35960c6836891ca1e13e089532991",
        "version" : "2.10.1"
      }
    },
    {
      "identity" : "swiftuipager",
      "kind" : "remoteSourceControl",
      "location" : "https://github.com/fermoya/SwiftUIPager.git",
      "state" : {
        "revision" : "4ddc04c801aac143090bb14cf26603a3bf9c74cb",
        "version" : "2.5.0"
      }
    },
    {
      "identity" : "swiftuix",
      "kind" : "remoteSourceControl",
      "location" : "https://github.com/SwiftUIX/SwiftUIX",
      "state" : {
        "branch" : "master",
        "revision" : "29ca44720c6157c0d3dc25c3b0338d204d970b9b"
      }
    },
    {
      "identity" : "swiftybeaver",
      "kind" : "remoteSourceControl",
      "location" : "https://github.com/SwiftyBeaver/SwiftyBeaver",
      "state" : {
        "revision" : "1080914828ef1c9ca9cd2bad50667b3d847dabff",
        "version" : "2.0.0"
      }
    },
    {
      "identity" : "viewanimator",
      "kind" : "remoteSourceControl",
      "location" : "https://github.com/marcosgriselli/ViewAnimator",
      "state" : {
        "revision" : "55f1c46241b181c3e0b68d70edb6d87926c7d183",
        "version" : "3.1.0"
      }
    },
    {
      "identity" : "walletconnectswiftv2",
      "kind" : "remoteSourceControl",
      "location" : "https://github.com/WalletConnect/WalletConnectSwiftV2",
      "state" : {
        "revision" : "a11d26ce67b422f05505f38584445f16c3510985",
        "version" : "1.3.2"
      }
    }
  ],
  "version" : 2
}
